// !$*UTF8*$!
{
	archiveVersion = 1;
	classes = {
	};
	objectVersion = 56;
	objects = {

/* Begin PBXBuildFile section */
		BB5E73CF29A6D0770034F186 /* InstasquareApp.swift in Sources */ = {isa = PBXBuildFile; fileRef = BB5E73CE29A6D0770034F186 /* InstasquareApp.swift */; };
		BB5E73D129A6D0770034F186 /* ContentView.swift in Sources */ = {isa = PBXBuildFile; fileRef = BB5E73D029A6D0770034F186 /* ContentView.swift */; };
		BB5E73D329A6D0790034F186 /* Assets.xcassets in Resources */ = {isa = PBXBuildFile; fileRef = BB5E73D229A6D0790034F186 /* Assets.xcassets */; };
		BB5E73D629A6D0790034F186 /* Preview Assets.xcassets in Resources */ = {isa = PBXBuildFile; fileRef = BB5E73D529A6D0790034F186 /* Preview Assets.xcassets */; };
		BB5E73E029A6D07A0034F186 /* InstasquareTests.swift in Sources */ = {isa = PBXBuildFile; fileRef = BB5E73DF29A6D07A0034F186 /* InstasquareTests.swift */; };
		BB5E73EA29A6D07A0034F186 /* InstasquareUITests.swift in Sources */ = {isa = PBXBuildFile; fileRef = BB5E73E929A6D07A0034F186 /* InstasquareUITests.swift */; };
		BB5E73EC29A6D07A0034F186 /* InstasquareUITestsLaunchTests.swift in Sources */ = {isa = PBXBuildFile; fileRef = BB5E73EB29A6D07A0034F186 /* InstasquareUITestsLaunchTests.swift */; };
/* End PBXBuildFile section */

/* Begin PBXContainerItemProxy section */
		BB5E73DC29A6D07A0034F186 /* PBXContainerItemProxy */ = {
			isa = PBXContainerItemProxy;
			containerPortal = BB5E73C329A6D0770034F186 /* Project object */;
			proxyType = 1;
			remoteGlobalIDString = BB5E73CA29A6D0770034F186;
			remoteInfo = Instasquare;
		};
		BB5E73E629A6D07A0034F186 /* PBXContainerItemProxy */ = {
			isa = PBXContainerItemProxy;
			containerPortal = BB5E73C329A6D0770034F186 /* Project object */;
			proxyType = 1;
			remoteGlobalIDString = BB5E73CA29A6D0770034F186;
			remoteInfo = Instasquare;
		};
/* End PBXContainerItemProxy section */

/* Begin PBXFileReference section */
		BB5E73CB29A6D0770034F186 /* Instasquare.app */ = {isa = PBXFileReference; explicitFileType = wrapper.application; includeInIndex = 0; path = Instasquare.app; sourceTree = BUILT_PRODUCTS_DIR; };
		BB5E73CE29A6D0770034F186 /* InstasquareApp.swift */ = {isa = PBXFileReference; lastKnownFileType = sourcecode.swift; path = InstasquareApp.swift; sourceTree = "<group>"; };
		BB5E73D029A6D0770034F186 /* ContentView.swift */ = {isa = PBXFileReference; lastKnownFileType = sourcecode.swift; path = ContentView.swift; sourceTree = "<group>"; };
		BB5E73D229A6D0790034F186 /* Assets.xcassets */ = {isa = PBXFileReference; lastKnownFileType = folder.assetcatalog; path = Assets.xcassets; sourceTree = "<group>"; };
		BB5E73D529A6D0790034F186 /* Preview Assets.xcassets */ = {isa = PBXFileReference; lastKnownFileType = folder.assetcatalog; path = "Preview Assets.xcassets"; sourceTree = "<group>"; };
		BB5E73DB29A6D07A0034F186 /* InstasquareTests.xctest */ = {isa = PBXFileReference; explicitFileType = wrapper.cfbundle; includeInIndex = 0; path = InstasquareTests.xctest; sourceTree = BUILT_PRODUCTS_DIR; };
		BB5E73DF29A6D07A0034F186 /* InstasquareTests.swift */ = {isa = PBXFileReference; lastKnownFileType = sourcecode.swift; path = InstasquareTests.swift; sourceTree = "<group>"; };
		BB5E73E529A6D07A0034F186 /* InstasquareUITests.xctest */ = {isa = PBXFileReference; explicitFileType = wrapper.cfbundle; includeInIndex = 0; path = InstasquareUITests.xctest; sourceTree = BUILT_PRODUCTS_DIR; };
		BB5E73E929A6D07A0034F186 /* InstasquareUITests.swift */ = {isa = PBXFileReference; lastKnownFileType = sourcecode.swift; path = InstasquareUITests.swift; sourceTree = "<group>"; };
		BB5E73EB29A6D07A0034F186 /* InstasquareUITestsLaunchTests.swift */ = {isa = PBXFileReference; lastKnownFileType = sourcecode.swift; path = InstasquareUITestsLaunchTests.swift; sourceTree = "<group>"; };
/* End PBXFileReference section */

/* Begin PBXFrameworksBuildPhase section */
		BB5E73C829A6D0770034F186 /* Frameworks */ = {
			isa = PBXFrameworksBuildPhase;
			buildActionMask = 2147483647;
			files = (
			);
			runOnlyForDeploymentPostprocessing = 0;
		};
		BB5E73D829A6D07A0034F186 /* Frameworks */ = {
			isa = PBXFrameworksBuildPhase;
			buildActionMask = 2147483647;
			files = (
			);
			runOnlyForDeploymentPostprocessing = 0;
		};
		BB5E73E229A6D07A0034F186 /* Frameworks */ = {
			isa = PBXFrameworksBuildPhase;
			buildActionMask = 2147483647;
			files = (
			);
			runOnlyForDeploymentPostprocessing = 0;
		};
/* End PBXFrameworksBuildPhase section */

/* Begin PBXGroup section */
		BB5E73C229A6D0770034F186 = {
			isa = PBXGroup;
			children = (
				BB5E73CD29A6D0770034F186 /* Instasquare */,
				BB5E73DE29A6D07A0034F186 /* InstasquareTests */,
				BB5E73E829A6D07A0034F186 /* InstasquareUITests */,
				BB5E73CC29A6D0770034F186 /* Products */,
			);
			sourceTree = "<group>";
		};
		BB5E73CC29A6D0770034F186 /* Products */ = {
			isa = PBXGroup;
			children = (
				BB5E73CB29A6D0770034F186 /* Instasquare.app */,
				BB5E73DB29A6D07A0034F186 /* InstasquareTests.xctest */,
				BB5E73E529A6D07A0034F186 /* InstasquareUITests.xctest */,
			);
			name = Products;
			sourceTree = "<group>";
		};
		BB5E73CD29A6D0770034F186 /* Instasquare */ = {
			isa = PBXGroup;
			children = (
				BB5E73CE29A6D0770034F186 /* InstasquareApp.swift */,
				BB5E73D029A6D0770034F186 /* ContentView.swift */,
				BB5E73D229A6D0790034F186 /* Assets.xcassets */,
				BB5E73D429A6D0790034F186 /* Preview Content */,
			);
			path = Instasquare;
			sourceTree = "<group>";
		};
		BB5E73D429A6D0790034F186 /* Preview Content */ = {
			isa = PBXGroup;
			children = (
				BB5E73D529A6D0790034F186 /* Preview Assets.xcassets */,
			);
			path = "Preview Content";
			sourceTree = "<group>";
		};
		BB5E73DE29A6D07A0034F186 /* InstasquareTests */ = {
			isa = PBXGroup;
			children = (
				BB5E73DF29A6D07A0034F186 /* InstasquareTests.swift */,
			);
			path = InstasquareTests;
			sourceTree = "<group>";
		};
		BB5E73E829A6D07A0034F186 /* InstasquareUITests */ = {
			isa = PBXGroup;
			children = (
				BB5E73E929A6D07A0034F186 /* InstasquareUITests.swift */,
				BB5E73EB29A6D07A0034F186 /* InstasquareUITestsLaunchTests.swift */,
			);
			path = InstasquareUITests;
			sourceTree = "<group>";
		};
/* End PBXGroup section */

/* Begin PBXNativeTarget section */
		BB5E73CA29A6D0770034F186 /* Instasquare */ = {
			isa = PBXNativeTarget;
			buildConfigurationList = BB5E73EF29A6D07A0034F186 /* Build configuration list for PBXNativeTarget "Instasquare" */;
			buildPhases = (
				BB5E73C729A6D0770034F186 /* Sources */,
				BB5E73C829A6D0770034F186 /* Frameworks */,
				BB5E73C929A6D0770034F186 /* Resources */,
			);
			buildRules = (
			);
			dependencies = (
			);
			name = Instasquare;
			productName = Instasquare;
			productReference = BB5E73CB29A6D0770034F186 /* Instasquare.app */;
			productType = "com.apple.product-type.application";
		};
		BB5E73DA29A6D07A0034F186 /* InstasquareTests */ = {
			isa = PBXNativeTarget;
			buildConfigurationList = BB5E73F229A6D07A0034F186 /* Build configuration list for PBXNativeTarget "InstasquareTests" */;
			buildPhases = (
				BB5E73D729A6D07A0034F186 /* Sources */,
				BB5E73D829A6D07A0034F186 /* Frameworks */,
				BB5E73D929A6D07A0034F186 /* Resources */,
			);
			buildRules = (
			);
			dependencies = (
				BB5E73DD29A6D07A0034F186 /* PBXTargetDependency */,
			);
			name = InstasquareTests;
			productName = InstasquareTests;
			productReference = BB5E73DB29A6D07A0034F186 /* InstasquareTests.xctest */;
			productType = "com.apple.product-type.bundle.unit-test";
		};
		BB5E73E429A6D07A0034F186 /* InstasquareUITests */ = {
			isa = PBXNativeTarget;
			buildConfigurationList = BB5E73F529A6D07A0034F186 /* Build configuration list for PBXNativeTarget "InstasquareUITests" */;
			buildPhases = (
				BB5E73E129A6D07A0034F186 /* Sources */,
				BB5E73E229A6D07A0034F186 /* Frameworks */,
				BB5E73E329A6D07A0034F186 /* Resources */,
			);
			buildRules = (
			);
			dependencies = (
				BB5E73E729A6D07A0034F186 /* PBXTargetDependency */,
			);
			name = InstasquareUITests;
			productName = InstasquareUITests;
			productReference = BB5E73E529A6D07A0034F186 /* InstasquareUITests.xctest */;
			productType = "com.apple.product-type.bundle.ui-testing";
		};
/* End PBXNativeTarget section */

/* Begin PBXProject section */
		BB5E73C329A6D0770034F186 /* Project object */ = {
			isa = PBXProject;
			attributes = {
				BuildIndependentTargetsInParallel = 1;
				LastSwiftUpdateCheck = 1410;
				LastUpgradeCheck = 1410;
				TargetAttributes = {
					BB5E73CA29A6D0770034F186 = {
						CreatedOnToolsVersion = 14.1;
					};
					BB5E73DA29A6D07A0034F186 = {
						CreatedOnToolsVersion = 14.1;
						TestTargetID = BB5E73CA29A6D0770034F186;
					};
					BB5E73E429A6D07A0034F186 = {
						CreatedOnToolsVersion = 14.1;
						TestTargetID = BB5E73CA29A6D0770034F186;
					};
				};
			};
			buildConfigurationList = BB5E73C629A6D0770034F186 /* Build configuration list for PBXProject "Instasquare" */;
			compatibilityVersion = "Xcode 14.0";
			developmentRegion = en;
			hasScannedForEncodings = 0;
			knownRegions = (
				en,
				Base,
			);
			mainGroup = BB5E73C229A6D0770034F186;
			productRefGroup = BB5E73CC29A6D0770034F186 /* Products */;
			projectDirPath = "";
			projectRoot = "";
			targets = (
				BB5E73CA29A6D0770034F186 /* Instasquare */,
				BB5E73DA29A6D07A0034F186 /* InstasquareTests */,
				BB5E73E429A6D07A0034F186 /* InstasquareUITests */,
			);
		};
/* End PBXProject section */

/* Begin PBXResourcesBuildPhase section */
		BB5E73C929A6D0770034F186 /* Resources */ = {
			isa = PBXResourcesBuildPhase;
			buildActionMask = 2147483647;
			files = (
				BB5E73D629A6D0790034F186 /* Preview Assets.xcassets in Resources */,
				BB5E73D329A6D0790034F186 /* Assets.xcassets in Resources */,
			);
			runOnlyForDeploymentPostprocessing = 0;
		};
		BB5E73D929A6D07A0034F186 /* Resources */ = {
			isa = PBXResourcesBuildPhase;
			buildActionMask = 2147483647;
			files = (
			);
			runOnlyForDeploymentPostprocessing = 0;
		};
		BB5E73E329A6D07A0034F186 /* Resources */ = {
			isa = PBXResourcesBuildPhase;
			buildActionMask = 2147483647;
			files = (
			);
			runOnlyForDeploymentPostprocessing = 0;
		};
/* End PBXResourcesBuildPhase section */

/* Begin PBXSourcesBuildPhase section */
		BB5E73C729A6D0770034F186 /* Sources */ = {
			isa = PBXSourcesBuildPhase;
			buildActionMask = 2147483647;
			files = (
				BB5E73D129A6D0770034F186 /* ContentView.swift in Sources */,
				BB5E73CF29A6D0770034F186 /* InstasquareApp.swift in Sources */,
			);
			runOnlyForDeploymentPostprocessing = 0;
		};
		BB5E73D729A6D07A0034F186 /* Sources */ = {
			isa = PBXSourcesBuildPhase;
			buildActionMask = 2147483647;
			files = (
				BB5E73E029A6D07A0034F186 /* InstasquareTests.swift in Sources */,
			);
			runOnlyForDeploymentPostprocessing = 0;
		};
		BB5E73E129A6D07A0034F186 /* Sources */ = {
			isa = PBXSourcesBuildPhase;
			buildActionMask = 2147483647;
			files = (
				BB5E73EA29A6D07A0034F186 /* InstasquareUITests.swift in Sources */,
				BB5E73EC29A6D07A0034F186 /* InstasquareUITestsLaunchTests.swift in Sources */,
			);
			runOnlyForDeploymentPostprocessing = 0;
		};
/* End PBXSourcesBuildPhase section */

/* Begin PBXTargetDependency section */
		BB5E73DD29A6D07A0034F186 /* PBXTargetDependency */ = {
			isa = PBXTargetDependency;
			target = BB5E73CA29A6D0770034F186 /* Instasquare */;
			targetProxy = BB5E73DC29A6D07A0034F186 /* PBXContainerItemProxy */;
		};
		BB5E73E729A6D07A0034F186 /* PBXTargetDependency */ = {
			isa = PBXTargetDependency;
			target = BB5E73CA29A6D0770034F186 /* Instasquare */;
			targetProxy = BB5E73E629A6D07A0034F186 /* PBXContainerItemProxy */;
		};
/* End PBXTargetDependency section */

/* Begin XCBuildConfiguration section */
		BB5E73ED29A6D07A0034F186 /* Debug */ = {
			isa = XCBuildConfiguration;
			buildSettings = {
				ALWAYS_SEARCH_USER_PATHS = NO;
				CLANG_ANALYZER_NONNULL = YES;
				CLANG_ANALYZER_NUMBER_OBJECT_CONVERSION = YES_AGGRESSIVE;
				CLANG_CXX_LANGUAGE_STANDARD = "gnu++20";
				CLANG_ENABLE_MODULES = YES;
				CLANG_ENABLE_OBJC_ARC = YES;
				CLANG_ENABLE_OBJC_WEAK = YES;
				CLANG_WARN_BLOCK_CAPTURE_AUTORELEASING = YES;
				CLANG_WARN_BOOL_CONVERSION = YES;
				CLANG_WARN_COMMA = YES;
				CLANG_WARN_CONSTANT_CONVERSION = YES;
				CLANG_WARN_DEPRECATED_OBJC_IMPLEMENTATIONS = YES;
				CLANG_WARN_DIRECT_OBJC_ISA_USAGE = YES_ERROR;
				CLANG_WARN_DOCUMENTATION_COMMENTS = YES;
				CLANG_WARN_EMPTY_BODY = YES;
				CLANG_WARN_ENUM_CONVERSION = YES;
				CLANG_WARN_INFINITE_RECURSION = YES;
				CLANG_WARN_INT_CONVERSION = YES;
				CLANG_WARN_NON_LITERAL_NULL_CONVERSION = YES;
				CLANG_WARN_OBJC_IMPLICIT_RETAIN_SELF = YES;
				CLANG_WARN_OBJC_LITERAL_CONVERSION = YES;
				CLANG_WARN_OBJC_ROOT_CLASS = YES_ERROR;
				CLANG_WARN_QUOTED_INCLUDE_IN_FRAMEWORK_HEADER = YES;
				CLANG_WARN_RANGE_LOOP_ANALYSIS = YES;
				CLANG_WARN_STRICT_PROTOTYPES = YES;
				CLANG_WARN_SUSPICIOUS_MOVE = YES;
				CLANG_WARN_UNGUARDED_AVAILABILITY = YES_AGGRESSIVE;
				CLANG_WARN_UNREACHABLE_CODE = YES;
				CLANG_WARN__DUPLICATE_METHOD_MATCH = YES;
				COPY_PHASE_STRIP = NO;
				DEBUG_INFORMATION_FORMAT = dwarf;
				ENABLE_STRICT_OBJC_MSGSEND = YES;
				ENABLE_TESTABILITY = YES;
				GCC_C_LANGUAGE_STANDARD = gnu11;
				GCC_DYNAMIC_NO_PIC = NO;
				GCC_NO_COMMON_BLOCKS = YES;
				GCC_OPTIMIZATION_LEVEL = 0;
				GCC_PREPROCESSOR_DEFINITIONS = (
					"DEBUG=1",
					"$(inherited)",
				);
				GCC_WARN_64_TO_32_BIT_CONVERSION = YES;
				GCC_WARN_ABOUT_RETURN_TYPE = YES_ERROR;
				GCC_WARN_UNDECLARED_SELECTOR = YES;
				GCC_WARN_UNINITIALIZED_AUTOS = YES_AGGRESSIVE;
				GCC_WARN_UNUSED_FUNCTION = YES;
				GCC_WARN_UNUSED_VARIABLE = YES;
				IPHONEOS_DEPLOYMENT_TARGET = 16.1;
				MTL_ENABLE_DEBUG_INFO = INCLUDE_SOURCE;
				MTL_FAST_MATH = YES;
				ONLY_ACTIVE_ARCH = YES;
				SDKROOT = iphoneos;
				SWIFT_ACTIVE_COMPILATION_CONDITIONS = DEBUG;
				SWIFT_OPTIMIZATION_LEVEL = "-Onone";
			};
			name = Debug;
		};
		BB5E73EE29A6D07A0034F186 /* Release */ = {
			isa = XCBuildConfiguration;
			buildSettings = {
				ALWAYS_SEARCH_USER_PATHS = NO;
				CLANG_ANALYZER_NONNULL = YES;
				CLANG_ANALYZER_NUMBER_OBJECT_CONVERSION = YES_AGGRESSIVE;
				CLANG_CXX_LANGUAGE_STANDARD = "gnu++20";
				CLANG_ENABLE_MODULES = YES;
				CLANG_ENABLE_OBJC_ARC = YES;
				CLANG_ENABLE_OBJC_WEAK = YES;
				CLANG_WARN_BLOCK_CAPTURE_AUTORELEASING = YES;
				CLANG_WARN_BOOL_CONVERSION = YES;
				CLANG_WARN_COMMA = YES;
				CLANG_WARN_CONSTANT_CONVERSION = YES;
				CLANG_WARN_DEPRECATED_OBJC_IMPLEMENTATIONS = YES;
				CLANG_WARN_DIRECT_OBJC_ISA_USAGE = YES_ERROR;
				CLANG_WARN_DOCUMENTATION_COMMENTS = YES;
				CLANG_WARN_EMPTY_BODY = YES;
				CLANG_WARN_ENUM_CONVERSION = YES;
				CLANG_WARN_INFINITE_RECURSION = YES;
				CLANG_WARN_INT_CONVERSION = YES;
				CLANG_WARN_NON_LITERAL_NULL_CONVERSION = YES;
				CLANG_WARN_OBJC_IMPLICIT_RETAIN_SELF = YES;
				CLANG_WARN_OBJC_LITERAL_CONVERSION = YES;
				CLANG_WARN_OBJC_ROOT_CLASS = YES_ERROR;
				CLANG_WARN_QUOTED_INCLUDE_IN_FRAMEWORK_HEADER = YES;
				CLANG_WARN_RANGE_LOOP_ANALYSIS = YES;
				CLANG_WARN_STRICT_PROTOTYPES = YES;
				CLANG_WARN_SUSPICIOUS_MOVE = YES;
				CLANG_WARN_UNGUARDED_AVAILABILITY = YES_AGGRESSIVE;
				CLANG_WARN_UNREACHABLE_CODE = YES;
				CLANG_WARN__DUPLICATE_METHOD_MATCH = YES;
				COPY_PHASE_STRIP = NO;
				DEBUG_INFORMATION_FORMAT = "dwarf-with-dsym";
				ENABLE_NS_ASSERTIONS = NO;
				ENABLE_STRICT_OBJC_MSGSEND = YES;
				GCC_C_LANGUAGE_STANDARD = gnu11;
				GCC_NO_COMMON_BLOCKS = YES;
				GCC_WARN_64_TO_32_BIT_CONVERSION = YES;
				GCC_WARN_ABOUT_RETURN_TYPE = YES_ERROR;
				GCC_WARN_UNDECLARED_SELECTOR = YES;
				GCC_WARN_UNINITIALIZED_AUTOS = YES_AGGRESSIVE;
				GCC_WARN_UNUSED_FUNCTION = YES;
				GCC_WARN_UNUSED_VARIABLE = YES;
				IPHONEOS_DEPLOYMENT_TARGET = 16.1;
				MTL_ENABLE_DEBUG_INFO = NO;
				MTL_FAST_MATH = YES;
				SDKROOT = iphoneos;
				SWIFT_COMPILATION_MODE = wholemodule;
				SWIFT_OPTIMIZATION_LEVEL = "-O";
				VALIDATE_PRODUCT = YES;
			};
			name = Release;
		};
		BB5E73F029A6D07A0034F186 /* Debug */ = {
			isa = XCBuildConfiguration;
			buildSettings = {
				ASSETCATALOG_COMPILER_APPICON_NAME = AppIcon;
				ASSETCATALOG_COMPILER_GLOBAL_ACCENT_COLOR_NAME = AccentColor;
				CODE_SIGN_STYLE = Automatic;
				CURRENT_PROJECT_VERSION = 1;
				DEVELOPMENT_ASSET_PATHS = "\"Instasquare/Preview Content\"";
				DEVELOPMENT_TEAM = NGW7S9DH6U;
				ENABLE_PREVIEWS = YES;
				GENERATE_INFOPLIST_FILE = YES;
				INFOPLIST_KEY_UIApplicationSceneManifest_Generation = YES;
				INFOPLIST_KEY_UIApplicationSupportsIndirectInputEvents = YES;
				INFOPLIST_KEY_UILaunchScreen_Generation = YES;
				INFOPLIST_KEY_UISupportedInterfaceOrientations_iPad = "UIInterfaceOrientationPortrait UIInterfaceOrientationPortraitUpsideDown UIInterfaceOrientationLandscapeLeft UIInterfaceOrientationLandscapeRight";
				INFOPLIST_KEY_UISupportedInterfaceOrientations_iPhone = "UIInterfaceOrientationPortrait UIInterfaceOrientationLandscapeLeft UIInterfaceOrientationLandscapeRight";
				LD_RUNPATH_SEARCH_PATHS = (
					"$(inherited)",
					"@executable_path/Frameworks",
				);
				MARKETING_VERSION = 1.0;
				PRODUCT_BUNDLE_IDENTIFIER = com.believeandsucceed.Instasquare;
				PRODUCT_NAME = "$(TARGET_NAME)";
				SWIFT_EMIT_LOC_STRINGS = YES;
				SWIFT_VERSION = 5.0;
				TARGETED_DEVICE_FAMILY = "1,2";
			};
			name = Debug;
		};
		BB5E73F129A6D07A0034F186 /* Release */ = {
			isa = XCBuildConfiguration;
			buildSettings = {
				ASSETCATALOG_COMPILER_APPICON_NAME = AppIcon;
				ASSETCATALOG_COMPILER_GLOBAL_ACCENT_COLOR_NAME = AccentColor;
				CODE_SIGN_STYLE = Automatic;
				CURRENT_PROJECT_VERSION = 1;
				DEVELOPMENT_ASSET_PATHS = "\"Instasquare/Preview Content\"";
				DEVELOPMENT_TEAM = NGW7S9DH6U;
				ENABLE_PREVIEWS = YES;
				GENERATE_INFOPLIST_FILE = YES;
				INFOPLIST_KEY_UIApplicationSceneManifest_Generation = YES;
				INFOPLIST_KEY_UIApplicationSupportsIndirectInputEvents = YES;
				INFOPLIST_KEY_UILaunchScreen_Generation = YES;
				INFOPLIST_KEY_UISupportedInterfaceOrientations_iPad = "UIInterfaceOrientationPortrait UIInterfaceOrientationPortraitUpsideDown UIInterfaceOrientationLandscapeLeft UIInterfaceOrientationLandscapeRight";
				INFOPLIST_KEY_UISupportedInterfaceOrientations_iPhone = "UIInterfaceOrientationPortrait UIInterfaceOrientationLandscapeLeft UIInterfaceOrientationLandscapeRight";
				LD_RUNPATH_SEARCH_PATHS = (
					"$(inherited)",
					"@executable_path/Frameworks",
				);
				MARKETING_VERSION = 1.0;
				PRODUCT_BUNDLE_IDENTIFIER = com.believeandsucceed.Instasquare;
				PRODUCT_NAME = "$(TARGET_NAME)";
				SWIFT_EMIT_LOC_STRINGS = YES;
				SWIFT_VERSION = 5.0;
				TARGETED_DEVICE_FAMILY = "1,2";
			};
			name = Release;
		};
		BB5E73F329A6D07A0034F186 /* Debug */ = {
			isa = XCBuildConfiguration;
			buildSettings = {
				ALWAYS_EMBED_SWIFT_STANDARD_LIBRARIES = YES;
				BUNDLE_LOADER = "$(TEST_HOST)";
				CODE_SIGN_STYLE = Automatic;
				CURRENT_PROJECT_VERSION = 1;
				DEVELOPMENT_TEAM = NGW7S9DH6U;
				GENERATE_INFOPLIST_FILE = YES;
				IPHONEOS_DEPLOYMENT_TARGET = 16.1;
				MARKETING_VERSION = 1.0;
				PRODUCT_BUNDLE_IDENTIFIER = com.believeandsucceed.InstasquareTests;
				PRODUCT_NAME = "$(TARGET_NAME)";
				SWIFT_EMIT_LOC_STRINGS = NO;
				SWIFT_VERSION = 5.0;
				TARGETED_DEVICE_FAMILY = "1,2";
				TEST_HOST = "$(BUILT_PRODUCTS_DIR)/Instasquare.app/$(BUNDLE_EXECUTABLE_FOLDER_PATH)/Instasquare";
			};
			name = Debug;
		};
		BB5E73F429A6D07A0034F186 /* Release */ = {
			isa = XCBuildConfiguration;
			buildSettings = {
				ALWAYS_EMBED_SWIFT_STANDARD_LIBRARIES = YES;
				BUNDLE_LOADER = "$(TEST_HOST)";
				CODE_SIGN_STYLE = Automatic;
				CURRENT_PROJECT_VERSION = 1;
				DEVELOPMENT_TEAM = NGW7S9DH6U;
				GENERATE_INFOPLIST_FILE = YES;
				IPHONEOS_DEPLOYMENT_TARGET = 16.1;
				MARKETING_VERSION = 1.0;
				PRODUCT_BUNDLE_IDENTIFIER = com.believeandsucceed.InstasquareTests;
				PRODUCT_NAME = "$(TARGET_NAME)";
				SWIFT_EMIT_LOC_STRINGS = NO;
				SWIFT_VERSION = 5.0;
				TARGETED_DEVICE_FAMILY = "1,2";
				TEST_HOST = "$(BUILT_PRODUCTS_DIR)/Instasquare.app/$(BUNDLE_EXECUTABLE_FOLDER_PATH)/Instasquare";
			};
			name = Release;
		};
		BB5E73F629A6D07A0034F186 /* Debug */ = {
			isa = XCBuildConfiguration;
			buildSettings = {
				ALWAYS_EMBED_SWIFT_STANDARD_LIBRARIES = YES;
				CODE_SIGN_STYLE = Automatic;
				CURRENT_PROJECT_VERSION = 1;
				DEVELOPMENT_TEAM = NGW7S9DH6U;
				GENERATE_INFOPLIST_FILE = YES;
				MARKETING_VERSION = 1.0;
				PRODUCT_BUNDLE_IDENTIFIER = com.believeandsucceed.InstasquareUITests;
				PRODUCT_NAME = "$(TARGET_NAME)";
				SWIFT_EMIT_LOC_STRINGS = NO;
				SWIFT_VERSION = 5.0;
				TARGETED_DEVICE_FAMILY = "1,2";
				TEST_TARGET_NAME = Instasquare;
			};
			name = Debug;
		};
		BB5E73F729A6D07A0034F186 /* Release */ = {
			isa = XCBuildConfiguration;
			buildSettings = {
				ALWAYS_EMBED_SWIFT_STANDARD_LIBRARIES = YES;
				CODE_SIGN_STYLE = Automatic;
				CURRENT_PROJECT_VERSION = 1;
				DEVELOPMENT_TEAM = NGW7S9DH6U;
				GENERATE_INFOPLIST_FILE = YES;
				MARKETING_VERSION = 1.0;
				PRODUCT_BUNDLE_IDENTIFIER = com.believeandsucceed.InstasquareUITests;
				PRODUCT_NAME = "$(TARGET_NAME)";
				SWIFT_EMIT_LOC_STRINGS = NO;
				SWIFT_VERSION = 5.0;
				TARGETED_DEVICE_FAMILY = "1,2";
				TEST_TARGET_NAME = Instasquare;
			};
			name = Release;
		};
/* End XCBuildConfiguration section */

/* Begin XCConfigurationList section */
		BB5E73C629A6D0770034F186 /* Build configuration list for PBXProject "Instasquare" */ = {
			isa = XCConfigurationList;
			buildConfigurations = (
				BB5E73ED29A6D07A0034F186 /* Debug */,
				BB5E73EE29A6D07A0034F186 /* Release */,
			);
			defaultConfigurationIsVisible = 0;
			defaultConfigurationName = Release;
		};
		BB5E73EF29A6D07A0034F186 /* Build configuration list for PBXNativeTarget "Instasquare" */ = {
			isa = XCConfigurationList;
			buildConfigurations = (
				BB5E73F029A6D07A0034F186 /* Debug */,
				BB5E73F129A6D07A0034F186 /* Release */,
			);
			defaultConfigurationIsVisible = 0;
			defaultConfigurationName = Release;
		};
		BB5E73F229A6D07A0034F186 /* Build configuration list for PBXNativeTarget "InstasquareTests" */ = {
			isa = XCConfigurationList;
			buildConfigurations = (
				BB5E73F329A6D07A0034F186 /* Debug */,
				BB5E73F429A6D07A0034F186 /* Release */,
			);
			defaultConfigurationIsVisible = 0;
			defaultConfigurationName = Release;
		};
		BB5E73F529A6D07A0034F186 /* Build configuration list for PBXNativeTarget "InstasquareUITests" */ = {
			isa = XCConfigurationList;
			buildConfigurations = (
				BB5E73F629A6D07A0034F186 /* Debug */,
				BB5E73F729A6D07A0034F186 /* Release */,
			);
			defaultConfigurationIsVisible = 0;
			defaultConfigurationName = Release;
		};
/* End XCConfigurationList section */
	};
	rootObject = BB5E73C329A6D0770034F186 /* Project object */;
}
